# generated by rye
# use `rye lock` or `rye sync` to update this lockfile
#
# last locked with the following flags:
#   pre: false
#   features: []
#   all-features: false
#   with-sources: false
#   generate-hashes: false
#   universal: false

-e file:.
absl-py==2.1.0
    # via chex
    # via distrax
    # via dm-haiku
    # via ml-collections
    # via optax
    # via orbax-checkpoint
    # via tensorflow-probability
chex==0.1.86
    # via distrax
    # via optax
cloudpickle==3.0.0
    # via tensorflow-probability
contextlib2==21.6.0
    # via ml-collections
decorator==5.1.1
    # via tensorflow-probability
distrax==0.1.5
    # via surjectors
dm-haiku==0.0.12
    # via surjectors
dm-tree==0.1.8
    # via tensorflow-probability
etils==1.9.2
    # via optax
    # via orbax-checkpoint
flax==0.9.0
    # via bnaf
    # via dm-haiku
fsspec==2024.6.1
    # via etils
gast==0.6.0
    # via tensorflow-probability
humanize==4.10.0
    # via orbax-checkpoint
importlib-resources==6.4.4
    # via etils
jax==0.4.31
    # via bnaf
    # via chex
    # via distrax
    # via flax
    # via numpyro
    # via optax
    # via orbax-checkpoint
    # via surjectors
jaxlib==0.4.31
    # via chex
    # via distrax
    # via jax
    # via numpyro
    # via optax
    # via orbax-checkpoint
    # via surjectors
jmp==0.0.4
    # via dm-haiku
markdown-it-py==3.0.0
    # via rich
mdurl==0.1.2
    # via markdown-it-py
ml-collections==0.1.1
    # via bnaf
ml-dtypes==0.4.0
    # via jax
    # via jaxlib
    # via tensorstore
msgpack==1.0.8
    # via flax
    # via orbax-checkpoint
multipledispatch==1.0.0
    # via numpyro
nest-asyncio==1.6.0
    # via orbax-checkpoint
numpy==2.1.0
    # via chex
    # via distrax
    # via dm-haiku
    # via flax
    # via jax
    # via jaxlib
    # via jmp
    # via ml-dtypes
    # via numpyro
    # via opt-einsum
    # via optax
    # via orbax-checkpoint
    # via scipy
    # via tensorflow-probability
    # via tensorstore
numpyro==0.15.2
    # via bnaf
opt-einsum==3.3.0
    # via jax
optax==0.2.3
    # via bnaf
    # via flax
    # via surjectors
orbax-checkpoint==0.6.1
    # via flax
protobuf==5.27.4
    # via orbax-checkpoint
pygments==2.18.0
    # via rich
pyyaml==6.0.2
    # via flax
    # via ml-collections
    # via orbax-checkpoint
rich==13.8.0
    # via flax
scipy==1.14.1
    # via jax
    # via jaxlib
six==1.16.0
    # via ml-collections
    # via tensorflow-probability
surjectors==0.3.3
    # via bnaf
tabulate==0.9.0
    # via dm-haiku
tensorflow-probability==0.24.0
    # via distrax
tensorstore==0.1.64
    # via flax
    # via orbax-checkpoint
toolz==0.12.1
    # via chex
tqdm==4.66.5
    # via numpyro
typing-extensions==4.12.2
    # via chex
    # via etils
    # via flax
    # via orbax-checkpoint
zipp==3.20.1
    # via etils
